// !$*UTF8*$!
{
	archiveVersion = 1;
	classes = {
	};
	objectVersion = 55;
	objects = {

/* Begin PBXBuildFile section */
		3F0DD98026EE28B60088A347 /* TripAndJourneyApp.swift in Sources */ = {isa = PBXBuildFile; fileRef = 3F0DD97F26EE28B60088A347 /* TripAndJourneyApp.swift */; };
		3F0DD98226EE28B60088A347 /* ContentView.swift in Sources */ = {isa = PBXBuildFile; fileRef = 3F0DD98126EE28B60088A347 /* ContentView.swift */; };
		3F0DD98426EE28B70088A347 /* Assets.xcassets in Resources */ = {isa = PBXBuildFile; fileRef = 3F0DD98326EE28B70088A347 /* Assets.xcassets */; };
		3F0DD98726EE28B70088A347 /* Preview Assets.xcassets in Resources */ = {isa = PBXBuildFile; fileRef = 3F0DD98626EE28B70088A347 /* Preview Assets.xcassets */; };
		3F0DD99826EE3F7D0088A347 /* LoginResponseData.swift in Sources */ = {isa = PBXBuildFile; fileRef = 3F0DD99726EE3F7D0088A347 /* LoginResponseData.swift */; };
		3F0DD99A26EE3FAA0088A347 /* RegisterResponseData.swift in Sources */ = {isa = PBXBuildFile; fileRef = 3F0DD99926EE3FAA0088A347 /* RegisterResponseData.swift */; };
		3F0DD99C26EE40440088A347 /* SignInData.swift in Sources */ = {isa = PBXBuildFile; fileRef = 3F0DD99B26EE40440088A347 /* SignInData.swift */; };
		3F0DD99E26EE405C0088A347 /* SignUpData.swift in Sources */ = {isa = PBXBuildFile; fileRef = 3F0DD99D26EE405C0088A347 /* SignUpData.swift */; };
		3F0DD9A026EE40990088A347 /* LookingAs.swift in Sources */ = {isa = PBXBuildFile; fileRef = 3F0DD99F26EE40990088A347 /* LookingAs.swift */; };
		3F0DD9A226EE41C70088A347 /* InternalUser.swift in Sources */ = {isa = PBXBuildFile; fileRef = 3F0DD9A126EE41C70088A347 /* InternalUser.swift */; };
		3F0DD9A426EE42490088A347 /* Place.swift in Sources */ = {isa = PBXBuildFile; fileRef = 3F0DD9A326EE42490088A347 /* Place.swift */; };
/* End PBXBuildFile section */

/* Begin PBXFileReference section */
		3F0DD97C26EE28B60088A347 /* TripAndJourney.app */ = {isa = PBXFileReference; explicitFileType = wrapper.application; includeInIndex = 0; path = TripAndJourney.app; sourceTree = BUILT_PRODUCTS_DIR; };
		3F0DD97F26EE28B60088A347 /* TripAndJourneyApp.swift */ = {isa = PBXFileReference; lastKnownFileType = sourcecode.swift; path = TripAndJourneyApp.swift; sourceTree = "<group>"; };
		3F0DD98126EE28B60088A347 /* ContentView.swift */ = {isa = PBXFileReference; lastKnownFileType = sourcecode.swift; path = ContentView.swift; sourceTree = "<group>"; };
		3F0DD98326EE28B70088A347 /* Assets.xcassets */ = {isa = PBXFileReference; lastKnownFileType = folder.assetcatalog; path = Assets.xcassets; sourceTree = "<group>"; };
		3F0DD98626EE28B70088A347 /* Preview Assets.xcassets */ = {isa = PBXFileReference; lastKnownFileType = folder.assetcatalog; path = "Preview Assets.xcassets"; sourceTree = "<group>"; };
		3F0DD98D26EE290A0088A347 /* Info.plist */ = {isa = PBXFileReference; lastKnownFileType = text.plist; path = Info.plist; sourceTree = "<group>"; };
		3F0DD99726EE3F7D0088A347 /* LoginResponseData.swift */ = {isa = PBXFileReference; lastKnownFileType = sourcecode.swift; path = LoginResponseData.swift; sourceTree = "<group>"; };
		3F0DD99926EE3FAA0088A347 /* RegisterResponseData.swift */ = {isa = PBXFileReference; lastKnownFileType = sourcecode.swift; path = RegisterResponseData.swift; sourceTree = "<group>"; };
		3F0DD99B26EE40440088A347 /* SignInData.swift */ = {isa = PBXFileReference; lastKnownFileType = sourcecode.swift; path = SignInData.swift; sourceTree = "<group>"; };
		3F0DD99D26EE405C0088A347 /* SignUpData.swift */ = {isa = PBXFileReference; lastKnownFileType = sourcecode.swift; path = SignUpData.swift; sourceTree = "<group>"; };
		3F0DD99F26EE40990088A347 /* LookingAs.swift */ = {isa = PBXFileReference; lastKnownFileType = sourcecode.swift; path = LookingAs.swift; sourceTree = "<group>"; };
		3F0DD9A126EE41C70088A347 /* InternalUser.swift */ = {isa = PBXFileReference; lastKnownFileType = sourcecode.swift; path = InternalUser.swift; sourceTree = "<group>"; };
		3F0DD9A326EE42490088A347 /* Place.swift */ = {isa = PBXFileReference; lastKnownFileType = sourcecode.swift; path = Place.swift; sourceTree = "<group>"; };
/* End PBXFileReference section */

/* Begin PBXFrameworksBuildPhase section */
		3F0DD97926EE28B60088A347 /* Frameworks */ = {
			isa = PBXFrameworksBuildPhase;
			buildActionMask = 2147483647;
			files = (
			);
			runOnlyForDeploymentPostprocessing = 0;
		};
/* End PBXFrameworksBuildPhase section */

/* Begin PBXGroup section */
		3F0DD97326EE28B60088A347 = {
			isa = PBXGroup;
			children = (
				3F0DD97E26EE28B60088A347 /* TripAndJourney */,
				3F0DD97D26EE28B60088A347 /* Products */,
			);
			sourceTree = "<group>";
		};
		3F0DD97D26EE28B60088A347 /* Products */ = {
			isa = PBXGroup;
			children = (
				3F0DD97C26EE28B60088A347 /* TripAndJourney.app */,
			);
			name = Products;
			sourceTree = "<group>";
		};
		3F0DD97E26EE28B60088A347 /* TripAndJourney */ = {
			isa = PBXGroup;
			children = (
				3F0DD98E26EE3D220088A347 /* Models */,
				3F0DD99226EE3E230088A347 /* DataManagement */,
				3F0DD98F26EE3D370088A347 /* ViewModel */,
				3F0DD99026EE3D4F0088A347 /* Views */,
				3F0DD99126EE3D690088A347 /* Utils */,
				3F0DD98D26EE290A0088A347 /* Info.plist */,
				3F0DD97F26EE28B60088A347 /* TripAndJourneyApp.swift */,
				3F0DD98126EE28B60088A347 /* ContentView.swift */,
				3F0DD98326EE28B70088A347 /* Assets.xcassets */,
				3F0DD98526EE28B70088A347 /* Preview Content */,
			);
			path = TripAndJourney;
			sourceTree = "<group>";
		};
		3F0DD98526EE28B70088A347 /* Preview Content */ = {
			isa = PBXGroup;
			children = (
				3F0DD98626EE28B70088A347 /* Preview Assets.xcassets */,
			);
			path = "Preview Content";
			sourceTree = "<group>";
		};
		3F0DD98E26EE3D220088A347 /* Models */ = {
			isa = PBXGroup;
			children = (
				3F0DD99726EE3F7D0088A347 /* LoginResponseData.swift */,
				3F0DD99926EE3FAA0088A347 /* RegisterResponseData.swift */,
				3F0DD99B26EE40440088A347 /* SignInData.swift */,
				3F0DD99D26EE405C0088A347 /* SignUpData.swift */,
				3F0DD99F26EE40990088A347 /* LookingAs.swift */,
				3F0DD9A126EE41C70088A347 /* InternalUser.swift */,
				3F0DD9A326EE42490088A347 /* Place.swift */,
			);
			path = Models;
			sourceTree = "<group>";
		};
		3F0DD98F26EE3D370088A347 /* ViewModel */ = {
			isa = PBXGroup;
			children = (
			);
			path = ViewModel;
			sourceTree = "<group>";
		};
		3F0DD99026EE3D4F0088A347 /* Views */ = {
			isa = PBXGroup;
			children = (
			);
			path = Views;
			sourceTree = "<group>";
		};
		3F0DD99126EE3D690088A347 /* Utils */ = {
			isa = PBXGroup;
			children = (
			);
			path = Utils;
			sourceTree = "<group>";
		};
		3F0DD99226EE3E230088A347 /* DataManagement */ = {
			isa = PBXGroup;
			children = (
			);
			path = DataManagement;
			sourceTree = "<group>";
		};
/* End PBXGroup section */

/* Begin PBXNativeTarget section */
		3F0DD97B26EE28B60088A347 /* TripAndJourney */ = {
			isa = PBXNativeTarget;
			buildConfigurationList = 3F0DD98A26EE28B70088A347 /* Build configuration list for PBXNativeTarget "TripAndJourney" */;
			buildPhases = (
				3F0DD97826EE28B60088A347 /* Sources */,
				3F0DD97926EE28B60088A347 /* Frameworks */,
				3F0DD97A26EE28B60088A347 /* Resources */,
			);
			buildRules = (
			);
			dependencies = (
			);
			name = TripAndJourney;
			productName = TripAndJourney;
			productReference = 3F0DD97C26EE28B60088A347 /* TripAndJourney.app */;
			productType = "com.apple.product-type.application";
		};
/* End PBXNativeTarget section */

/* Begin PBXProject section */
		3F0DD97426EE28B60088A347 /* Project object */ = {
			isa = PBXProject;
			attributes = {
				BuildIndependentTargetsInParallel = 1;
				LastSwiftUpdateCheck = 1300;
				LastUpgradeCheck = 1300;
				TargetAttributes = {
					3F0DD97B26EE28B60088A347 = {
						CreatedOnToolsVersion = 13.0;
					};
				};
			};
			buildConfigurationList = 3F0DD97726EE28B60088A347 /* Build configuration list for PBXProject "TripAndJourney" */;
			compatibilityVersion = "Xcode 13.0";
			developmentRegion = en;
			hasScannedForEncodings = 0;
			knownRegions = (
				en,
				Base,
			);
			mainGroup = 3F0DD97326EE28B60088A347;
			productRefGroup = 3F0DD97D26EE28B60088A347 /* Products */;
			projectDirPath = "";
			projectRoot = "";
			targets = (
				3F0DD97B26EE28B60088A347 /* TripAndJourney */,
			);
		};
/* End PBXProject section */

/* Begin PBXResourcesBuildPhase section */
		3F0DD97A26EE28B60088A347 /* Resources */ = {
			isa = PBXResourcesBuildPhase;
			buildActionMask = 2147483647;
			files = (
				3F0DD98726EE28B70088A347 /* Preview Assets.xcassets in Resources */,
				3F0DD98426EE28B70088A347 /* Assets.xcassets in Resources */,
			);
			runOnlyForDeploymentPostprocessing = 0;
		};
/* End PBXResourcesBuildPhase section */

/* Begin PBXSourcesBuildPhase section */
		3F0DD97826EE28B60088A347 /* Sources */ = {
			isa = PBXSourcesBuildPhase;
			buildActionMask = 2147483647;
			files = (
				3F0DD98226EE28B60088A347 /* ContentView.swift in Sources */,
				3F0DD9A226EE41C70088A347 /* InternalUser.swift in Sources */,
				3F0DD9A026EE40990088A347 /* LookingAs.swift in Sources */,
				3F0DD99E26EE405C0088A347 /* SignUpData.swift in Sources */,
				3F0DD99826EE3F7D0088A347 /* LoginResponseData.swift in Sources */,
				3F0DD99C26EE40440088A347 /* SignInData.swift in Sources */,
				3F0DD9A426EE42490088A347 /* Place.swift in Sources */,
				3F0DD98026EE28B60088A347 /* TripAndJourneyApp.swift in Sources */,
				3F0DD99A26EE3FAA0088A347 /* RegisterResponseData.swift in Sources */,
			);
			runOnlyForDeploymentPostprocessing = 0;
		};
/* End PBXSourcesBuildPhase section */

/* Begin XCBuildConfiguration section */
		3F0DD98826EE28B70088A347 /* Debug */ = {
			isa = XCBuildConfiguration;
			buildSettings = {
				ALWAYS_SEARCH_USER_PATHS = NO;
				CLANG_ANALYZER_NONNULL = YES;
				CLANG_ANALYZER_NUMBER_OBJECT_CONVERSION = YES_AGGRESSIVE;
				CLANG_CXX_LANGUAGE_STANDARD = "gnu++14";
				CLANG_CXX_LIBRARY = "libc++";
				CLANG_ENABLE_MODULES = YES;
				CLANG_ENABLE_OBJC_ARC = YES;
				CLANG_ENABLE_OBJC_WEAK = YES;
				CLANG_WARN_BLOCK_CAPTURE_AUTORELEASING = YES;
				CLANG_WARN_BOOL_CONVERSION = YES;
				CLANG_WARN_COMMA = YES;
				CLANG_WARN_CONSTANT_CONVERSION = YES;
				CLANG_WARN_DEPRECATED_OBJC_IMPLEMENTATIONS = YES;
				CLANG_WARN_DIRECT_OBJC_ISA_USAGE = YES_ERROR;
				CLANG_WARN_DOCUMENTATION_COMMENTS = YES;
				CLANG_WARN_EMPTY_BODY = YES;
				CLANG_WARN_ENUM_CONVERSION = YES;
				CLANG_WARN_INFINITE_RECURSION = YES;
				CLANG_WARN_INT_CONVERSION = YES;
				CLANG_WARN_NON_LITERAL_NULL_CONVERSION = YES;
				CLANG_WARN_OBJC_IMPLICIT_RETAIN_SELF = YES;
				CLANG_WARN_OBJC_LITERAL_CONVERSION = YES;
				CLANG_WARN_OBJC_ROOT_CLASS = YES_ERROR;
				CLANG_WARN_QUOTED_INCLUDE_IN_FRAMEWORK_HEADER = YES;
				CLANG_WARN_RANGE_LOOP_ANALYSIS = YES;
				CLANG_WARN_STRICT_PROTOTYPES = YES;
				CLANG_WARN_SUSPICIOUS_MOVE = YES;
				CLANG_WARN_UNGUARDED_AVAILABILITY = YES_AGGRESSIVE;
				CLANG_WARN_UNREACHABLE_CODE = YES;
				CLANG_WARN__DUPLICATE_METHOD_MATCH = YES;
				COPY_PHASE_STRIP = NO;
				DEBUG_INFORMATION_FORMAT = dwarf;
				ENABLE_STRICT_OBJC_MSGSEND = YES;
				ENABLE_TESTABILITY = YES;
				GCC_C_LANGUAGE_STANDARD = gnu11;
				GCC_DYNAMIC_NO_PIC = NO;
				GCC_NO_COMMON_BLOCKS = YES;
				GCC_OPTIMIZATION_LEVEL = 0;
				GCC_PREPROCESSOR_DEFINITIONS = (
					"DEBUG=1",
					"$(inherited)",
				);
				GCC_WARN_64_TO_32_BIT_CONVERSION = YES;
				GCC_WARN_ABOUT_RETURN_TYPE = YES_ERROR;
				GCC_WARN_UNDECLARED_SELECTOR = YES;
				GCC_WARN_UNINITIALIZED_AUTOS = YES_AGGRESSIVE;
				GCC_WARN_UNUSED_FUNCTION = YES;
				GCC_WARN_UNUSED_VARIABLE = YES;
				IPHONEOS_DEPLOYMENT_TARGET = 15.0;
				MTL_ENABLE_DEBUG_INFO = INCLUDE_SOURCE;
				MTL_FAST_MATH = YES;
				ONLY_ACTIVE_ARCH = YES;
				SDKROOT = iphoneos;
				SWIFT_ACTIVE_COMPILATION_CONDITIONS = DEBUG;
				SWIFT_OPTIMIZATION_LEVEL = "-Onone";
			};
			name = Debug;
		};
		3F0DD98926EE28B70088A347 /* Release */ = {
			isa = XCBuildConfiguration;
			buildSettings = {
				ALWAYS_SEARCH_USER_PATHS = NO;
				CLANG_ANALYZER_NONNULL = YES;
				CLANG_ANALYZER_NUMBER_OBJECT_CONVERSION = YES_AGGRESSIVE;
				CLANG_CXX_LANGUAGE_STANDARD = "gnu++14";
				CLANG_CXX_LIBRARY = "libc++";
				CLANG_ENABLE_MODULES = YES;
				CLANG_ENABLE_OBJC_ARC = YES;
				CLANG_ENABLE_OBJC_WEAK = YES;
				CLANG_WARN_BLOCK_CAPTURE_AUTORELEASING = YES;
				CLANG_WARN_BOOL_CONVERSION = YES;
				CLANG_WARN_COMMA = YES;
				CLANG_WARN_CONSTANT_CONVERSION = YES;
				CLANG_WARN_DEPRECATED_OBJC_IMPLEMENTATIONS = YES;
				CLANG_WARN_DIRECT_OBJC_ISA_USAGE = YES_ERROR;
				CLANG_WARN_DOCUMENTATION_COMMENTS = YES;
				CLANG_WARN_EMPTY_BODY = YES;
				CLANG_WARN_ENUM_CONVERSION = YES;
				CLANG_WARN_INFINITE_RECURSION = YES;
				CLANG_WARN_INT_CONVERSION = YES;
				CLANG_WARN_NON_LITERAL_NULL_CONVERSION = YES;
				CLANG_WARN_OBJC_IMPLICIT_RETAIN_SELF = YES;
				CLANG_WARN_OBJC_LITERAL_CONVERSION = YES;
				CLANG_WARN_OBJC_ROOT_CLASS = YES_ERROR;
				CLANG_WARN_QUOTED_INCLUDE_IN_FRAMEWORK_HEADER = YES;
				CLANG_WARN_RANGE_LOOP_ANALYSIS = YES;
				CLANG_WARN_STRICT_PROTOTYPES = YES;
				CLANG_WARN_SUSPICIOUS_MOVE = YES;
				CLANG_WARN_UNGUARDED_AVAILABILITY = YES_AGGRESSIVE;
				CLANG_WARN_UNREACHABLE_CODE = YES;
				CLANG_WARN__DUPLICATE_METHOD_MATCH = YES;
				COPY_PHASE_STRIP = NO;
				DEBUG_INFORMATION_FORMAT = "dwarf-with-dsym";
				ENABLE_NS_ASSERTIONS = NO;
				ENABLE_STRICT_OBJC_MSGSEND = YES;
				GCC_C_LANGUAGE_STANDARD = gnu11;
				GCC_NO_COMMON_BLOCKS = YES;
				GCC_WARN_64_TO_32_BIT_CONVERSION = YES;
				GCC_WARN_ABOUT_RETURN_TYPE = YES_ERROR;
				GCC_WARN_UNDECLARED_SELECTOR = YES;
				GCC_WARN_UNINITIALIZED_AUTOS = YES_AGGRESSIVE;
				GCC_WARN_UNUSED_FUNCTION = YES;
				GCC_WARN_UNUSED_VARIABLE = YES;
				IPHONEOS_DEPLOYMENT_TARGET = 15.0;
				MTL_ENABLE_DEBUG_INFO = NO;
				MTL_FAST_MATH = YES;
				SDKROOT = iphoneos;
				SWIFT_COMPILATION_MODE = wholemodule;
				SWIFT_OPTIMIZATION_LEVEL = "-O";
				VALIDATE_PRODUCT = YES;
			};
			name = Release;
		};
		3F0DD98B26EE28B70088A347 /* Debug */ = {
			isa = XCBuildConfiguration;
			buildSettings = {
				ASSETCATALOG_COMPILER_APPICON_NAME = AppIcon;
				ASSETCATALOG_COMPILER_GLOBAL_ACCENT_COLOR_NAME = AccentColor;
				CODE_SIGN_STYLE = Automatic;
				CURRENT_PROJECT_VERSION = 1;
				DEVELOPMENT_ASSET_PATHS = "\"TripAndJourney/Preview Content\"";
				DEVELOPMENT_TEAM = AD4RURV9JH;
				ENABLE_PREVIEWS = YES;
				GENERATE_INFOPLIST_FILE = YES;
				INFOPLIST_FILE = TripAndJourney/Info.plist;
				INFOPLIST_KEY_CFBundleExecutable = TripAndJourney;
				INFOPLIST_KEY_CFBundleName = TripAndJourney;
				INFOPLIST_KEY_CFBundleVersion = 1;
				INFOPLIST_KEY_UIApplicationSceneManifest_Generation = YES;
				INFOPLIST_KEY_UIApplicationSupportsIndirectInputEvents = YES;
				INFOPLIST_KEY_UILaunchScreen_Generation = YES;
				INFOPLIST_KEY_UISupportedInterfaceOrientations_iPad = "UIInterfaceOrientationPortrait UIInterfaceOrientationPortraitUpsideDown UIInterfaceOrientationLandscapeLeft UIInterfaceOrientationLandscapeRight";
				INFOPLIST_KEY_UISupportedInterfaceOrientations_iPhone = "UIInterfaceOrientationPortrait UIInterfaceOrientationLandscapeLeft UIInterfaceOrientationLandscapeRight";
				IPHONEOS_DEPLOYMENT_TARGET = 14.0;
				LD_RUNPATH_SEARCH_PATHS = (
					"$(inherited)",
					"@executable_path/Frameworks",
				);
				MARKETING_VERSION = 1.0;
				PRODUCT_BUNDLE_IDENTIFIER = com.devtolife.TripAndJourney;
				PRODUCT_NAME = "$(TARGET_NAME)";
				SWIFT_EMIT_LOC_STRINGS = YES;
				SWIFT_VERSION = 5.0;
				TARGETED_DEVICE_FAMILY = "1,2";
			};
			name = Debug;
		};
		3F0DD98C26EE28B70088A347 /* Release */ = {
			isa = XCBuildConfiguration;
			buildSettings = {
				ASSETCATALOG_COMPILER_APPICON_NAME = AppIcon;
				ASSETCATALOG_COMPILER_GLOBAL_ACCENT_COLOR_NAME = AccentColor;
				CODE_SIGN_STYLE = Automatic;
				CURRENT_PROJECT_VERSION = 1;
				DEVELOPMENT_ASSET_PATHS = "\"TripAndJourney/Preview Content\"";
				DEVELOPMENT_TEAM = AD4RURV9JH;
				ENABLE_PREVIEWS = YES;
				GENERATE_INFOPLIST_FILE = YES;
				INFOPLIST_FILE = TripAndJourney/Info.plist;
				INFOPLIST_KEY_CFBundleExecutable = TripAndJourney;
				INFOPLIST_KEY_CFBundleName = TripAndJourney;
				INFOPLIST_KEY_CFBundleVersion = 1;
				INFOPLIST_KEY_UIApplicationSceneManifest_Generation = YES;
				INFOPLIST_KEY_UIApplicationSupportsIndirectInputEvents = YES;
				INFOPLIST_KEY_UILaunchScreen_Generation = YES;
				INFOPLIST_KEY_UISupportedInterfaceOrientations_iPad = "UIInterfaceOrientationPortrait UIInterfaceOrientationPortraitUpsideDown UIInterfaceOrientationLandscapeLeft UIInterfaceOrientationLandscapeRight";
				INFOPLIST_KEY_UISupportedInterfaceOrientations_iPhone = "UIInterfaceOrientationPortrait UIInterfaceOrientationLandscapeLeft UIInterfaceOrientationLandscapeRight";
				IPHONEOS_DEPLOYMENT_TARGET = 14.0;
				LD_RUNPATH_SEARCH_PATHS = (
					"$(inherited)",
					"@executable_path/Frameworks",
				);
				MARKETING_VERSION = 1.0;
				PRODUCT_BUNDLE_IDENTIFIER = com.devtolife.TripAndJourney;
				PRODUCT_NAME = "$(TARGET_NAME)";
				SWIFT_EMIT_LOC_STRINGS = YES;
				SWIFT_VERSION = 5.0;
				TARGETED_DEVICE_FAMILY = "1,2";
			};
			name = Release;
		};
/* End XCBuildConfiguration section */

/* Begin XCConfigurationList section */
		3F0DD97726EE28B60088A347 /* Build configuration list for PBXProject "TripAndJourney" */ = {
			isa = XCConfigurationList;
			buildConfigurations = (
				3F0DD98826EE28B70088A347 /* Debug */,
				3F0DD98926EE28B70088A347 /* Release */,
			);
			defaultConfigurationIsVisible = 0;
			defaultConfigurationName = Release;
		};
		3F0DD98A26EE28B70088A347 /* Build configuration list for PBXNativeTarget "TripAndJourney" */ = {
			isa = XCConfigurationList;
			buildConfigurations = (
				3F0DD98B26EE28B70088A347 /* Debug */,
				3F0DD98C26EE28B70088A347 /* Release */,
			);
			defaultConfigurationIsVisible = 0;
			defaultConfigurationName = Release;
		};
/* End XCConfigurationList section */
	};
	rootObject = 3F0DD97426EE28B60088A347 /* Project object */;
}
